
Microsoft Visual Studio Solution File, Format Version 12.00
# Visual Studio Version 16
VisualStudioVersion = 16.0.30114.105
MinimumVisualStudioVersion = 10.0.40219.1
Project("{FAE04EC0-301F-11D3-BF4B-00C04F79EFBC}") = "Task_1.1.1", "Task_1.1\Task_1.1.1.csproj", "{09D5C55F-38EC-4307-B08E-6E93937803EA}"
EndProject
Global
	GlobalSection(SolutionConfigurationPlatforms) = preSolution
		Debug|Any CPU = Debug|Any CPU
		Release|Any CPU = Release|Any CPU
	EndGlobalSection
	GlobalSection(ProjectConfigurationPlatforms) = postSolution
		{09D5C55F-38EC-4307-B08E-6E93937803EA}.Debug|Any CPU.ActiveCfg = Debug|Any CPU
		{09D5C55F-38EC-4307-B08E-6E93937803EA}.Debug|Any CPU.Build.0 = Debug|Any CPU
		{09D5C55F-38EC-4307-B08E-6E93937803EA}.Release|Any CPU.ActiveCfg = Release|Any CPU
		{09D5C55F-38EC-4307-B08E-6E93937803EA}.Release|Any CPU.Build.0 = Release|Any CPU
	EndGlobalSection
	GlobalSection(SolutionProperties) = preSolution
		HideSolutionNode = FALSE
	EndGlobalSection
	GlobalSection(ExtensibilityGlobals) = postSolution
		SolutionGuid = {261663EC-CEFC-4BC0-80C7-56FC7D6AF200}
	EndGlobalSection
EndGlobal
